
Microsoft Visual Studio Solution File, Format Version 12.00
# Visual Studio Version 17
VisualStudioVersion = 17.10.35027.167
MinimumVisualStudioVersion = 10.0.40219.1
Project("{FAE04EC0-301F-11D3-BF4B-00C04F79EFBC}") = "GitHub.Api", "GitHub.Api\GitHub.Api.csproj", "{9853C084-5681-445A-8431-2E31B760B6F4}"
EndProject
Global
	GlobalSection(SolutionConfigurationPlatforms) = preSolution
		Debug|Any CPU = Debug|Any CPU
		Release|Any CPU = Release|Any CPU
	EndGlobalSection
	GlobalSection(ProjectConfigurationPlatforms) = postSolution
		{9853C084-5681-445A-8431-2E31B760B6F4}.Debug|Any CPU.ActiveCfg = Debug|Any CPU
		{9853C084-5681-445A-8431-2E31B760B6F4}.Debug|Any CPU.Build.0 = Debug|Any CPU
		{9853C084-5681-445A-8431-2E31B760B6F4}.Release|Any CPU.ActiveCfg = Release|Any CPU
		{9853C084-5681-445A-8431-2E31B760B6F4}.Release|Any CPU.Build.0 = Release|Any CPU
	EndGlobalSection
	GlobalSection(SolutionProperties) = preSolution
		HideSolutionNode = FALSE
	EndGlobalSection
	GlobalSection(ExtensibilityGlobals) = postSolution
		SolutionGuid = {57A8AC9A-5CFA-453C-9F30-79569CDEE444}
	EndGlobalSection
EndGlobal
